
Microsoft Visual Studio Solution File, Format Version 12.00
# Visual Studio Version 17
VisualStudioVersion = 17.2.32616.157
MinimumVisualStudioVersion = 10.0.40219.1
Project("{FAE04EC0-301F-11D3-BF4B-00C04F79EFBC}") = "YazOkulu", "YazOkulu\YazOkulu.csproj", "{9C82EC5F-3250-4DA8-A660-DA2458646145}"
EndProject
Project("{FAE04EC0-301F-11D3-BF4B-00C04F79EFBC}") = "Entity_Layer", "Entity_Layer\Entity_Layer.csproj", "{E4671B35-0851-4BD3-A2E1-6348A81467A3}"
EndProject
Project("{FAE04EC0-301F-11D3-BF4B-00C04F79EFBC}") = "DataAccesLayer", "DataAccesLayer\DataAccesLayer.csproj", "{7234FC5D-4525-4202-A3E2-4E71871DE170}"
EndProject
Project("{FAE04EC0-301F-11D3-BF4B-00C04F79EFBC}") = "BusinessLogicLayer", "BusinessLogicLayer\BusinessLogicLayer.csproj", "{5FBF3A16-E4AB-4BEC-B924-D5448E6C88E6}"
EndProject
Global
	GlobalSection(SolutionConfigurationPlatforms) = preSolution
		Debug|Any CPU = Debug|Any CPU
		Release|Any CPU = Release|Any CPU
	EndGlobalSection
	GlobalSection(ProjectConfigurationPlatforms) = postSolution
		{9C82EC5F-3250-4DA8-A660-DA2458646145}.Debug|Any CPU.ActiveCfg = Debug|Any CPU
		{9C82EC5F-3250-4DA8-A660-DA2458646145}.Debug|Any CPU.Build.0 = Debug|Any CPU
		{9C82EC5F-3250-4DA8-A660-DA2458646145}.Release|Any CPU.ActiveCfg = Release|Any CPU
		{9C82EC5F-3250-4DA8-A660-DA2458646145}.Release|Any CPU.Build.0 = Release|Any CPU
		{E4671B35-0851-4BD3-A2E1-6348A81467A3}.Debug|Any CPU.ActiveCfg = Debug|Any CPU
		{E4671B35-0851-4BD3-A2E1-6348A81467A3}.Debug|Any CPU.Build.0 = Debug|Any CPU
		{E4671B35-0851-4BD3-A2E1-6348A81467A3}.Release|Any CPU.ActiveCfg = Release|Any CPU
		{E4671B35-0851-4BD3-A2E1-6348A81467A3}.Release|Any CPU.Build.0 = Release|Any CPU
		{7234FC5D-4525-4202-A3E2-4E71871DE170}.Debug|Any CPU.ActiveCfg = Debug|Any CPU
		{7234FC5D-4525-4202-A3E2-4E71871DE170}.Debug|Any CPU.Build.0 = Debug|Any CPU
		{7234FC5D-4525-4202-A3E2-4E71871DE170}.Release|Any CPU.ActiveCfg = Release|Any CPU
		{7234FC5D-4525-4202-A3E2-4E71871DE170}.Release|Any CPU.Build.0 = Release|Any CPU
		{5FBF3A16-E4AB-4BEC-B924-D5448E6C88E6}.Debug|Any CPU.ActiveCfg = Debug|Any CPU
		{5FBF3A16-E4AB-4BEC-B924-D5448E6C88E6}.Debug|Any CPU.Build.0 = Debug|Any CPU
		{5FBF3A16-E4AB-4BEC-B924-D5448E6C88E6}.Release|Any CPU.ActiveCfg = Release|Any CPU
		{5FBF3A16-E4AB-4BEC-B924-D5448E6C88E6}.Release|Any CPU.Build.0 = Release|Any CPU
	EndGlobalSection
	GlobalSection(SolutionProperties) = preSolution
		HideSolutionNode = FALSE
	EndGlobalSection
	GlobalSection(ExtensibilityGlobals) = postSolution
		SolutionGuid = {BE349D7B-9508-4293-AAF5-FCEC8DE5A0C0}
	EndGlobalSection
EndGlobal
